
Microsoft Visual Studio Solution File, Format Version 12.00
# Visual Studio Version 16
VisualStudioVersion = 16.0.29728.190
MinimumVisualStudioVersion = 10.0.40219.1
Project("{FAE04EC0-301F-11D3-BF4B-00C04F79EFBC}") = "3_EfeVocales", "3_EfeVocales\3_EfeVocales.csproj", "{DFD412AD-67DB-4CB1-8A45-D6F5FB3AD013}"
EndProject
Global
	GlobalSection(SolutionConfigurationPlatforms) = preSolution
		Debug|Any CPU = Debug|Any CPU
		Release|Any CPU = Release|Any CPU
	EndGlobalSection
	GlobalSection(ProjectConfigurationPlatforms) = postSolution
		{DFD412AD-67DB-4CB1-8A45-D6F5FB3AD013}.Debug|Any CPU.ActiveCfg = Debug|Any CPU
		{DFD412AD-67DB-4CB1-8A45-D6F5FB3AD013}.Debug|Any CPU.Build.0 = Debug|Any CPU
		{DFD412AD-67DB-4CB1-8A45-D6F5FB3AD013}.Release|Any CPU.ActiveCfg = Release|Any CPU
		{DFD412AD-67DB-4CB1-8A45-D6F5FB3AD013}.Release|Any CPU.Build.0 = Release|Any CPU
	EndGlobalSection
	GlobalSection(SolutionProperties) = preSolution
		HideSolutionNode = FALSE
	EndGlobalSection
	GlobalSection(ExtensibilityGlobals) = postSolution
		SolutionGuid = {3121DD68-C43B-436A-8942-0AD5F3A68DB3}
	EndGlobalSection
EndGlobal
