
Microsoft Visual Studio Solution File, Format Version 12.00
# Visual Studio Version 16
VisualStudioVersion = 16.0.29728.190
MinimumVisualStudioVersion = 10.0.40219.1
Project("{FAE04EC0-301F-11D3-BF4B-00C04F79EFBC}") = "13_Carro", "13_Carro\13_Carro.csproj", "{536ACC82-E308-4B6B-A9B7-5280C9B77D5B}"
EndProject
Global
	GlobalSection(SolutionConfigurationPlatforms) = preSolution
		Debug|Any CPU = Debug|Any CPU
		Release|Any CPU = Release|Any CPU
	EndGlobalSection
	GlobalSection(ProjectConfigurationPlatforms) = postSolution
		{536ACC82-E308-4B6B-A9B7-5280C9B77D5B}.Debug|Any CPU.ActiveCfg = Debug|Any CPU
		{536ACC82-E308-4B6B-A9B7-5280C9B77D5B}.Debug|Any CPU.Build.0 = Debug|Any CPU
		{536ACC82-E308-4B6B-A9B7-5280C9B77D5B}.Release|Any CPU.ActiveCfg = Release|Any CPU
		{536ACC82-E308-4B6B-A9B7-5280C9B77D5B}.Release|Any CPU.Build.0 = Release|Any CPU
	EndGlobalSection
	GlobalSection(SolutionProperties) = preSolution
		HideSolutionNode = FALSE
	EndGlobalSection
	GlobalSection(ExtensibilityGlobals) = postSolution
		SolutionGuid = {11E07FC7-CF79-464A-8B8E-48556ACC38BA}
	EndGlobalSection
EndGlobal
