
Microsoft Visual Studio Solution File, Format Version 12.00
# Visual Studio Version 16
VisualStudioVersion = 16.0.29728.190
MinimumVisualStudioVersion = 10.0.40219.1
Project("{FAE04EC0-301F-11D3-BF4B-00C04F79EFBC}") = "11_Matrices", "11_Matrices\11_Matrices.csproj", "{DF467617-0233-45B9-9ECF-9FEF440AF109}"
EndProject
Global
	GlobalSection(SolutionConfigurationPlatforms) = preSolution
		Debug|Any CPU = Debug|Any CPU
		Release|Any CPU = Release|Any CPU
	EndGlobalSection
	GlobalSection(ProjectConfigurationPlatforms) = postSolution
		{DF467617-0233-45B9-9ECF-9FEF440AF109}.Debug|Any CPU.ActiveCfg = Debug|Any CPU
		{DF467617-0233-45B9-9ECF-9FEF440AF109}.Debug|Any CPU.Build.0 = Debug|Any CPU
		{DF467617-0233-45B9-9ECF-9FEF440AF109}.Release|Any CPU.ActiveCfg = Release|Any CPU
		{DF467617-0233-45B9-9ECF-9FEF440AF109}.Release|Any CPU.Build.0 = Release|Any CPU
	EndGlobalSection
	GlobalSection(SolutionProperties) = preSolution
		HideSolutionNode = FALSE
	EndGlobalSection
	GlobalSection(ExtensibilityGlobals) = postSolution
		SolutionGuid = {DC863F4A-F37F-428F-A329-5228A093A756}
	EndGlobalSection
EndGlobal
