
Microsoft Visual Studio Solution File, Format Version 12.00
# Visual Studio Version 16
VisualStudioVersion = 16.0.29728.190
MinimumVisualStudioVersion = 10.0.40219.1
Project("{FAE04EC0-301F-11D3-BF4B-00C04F79EFBC}") = "4_Fibonacci", "4_Fibonacci\4_Fibonacci.csproj", "{2AA6C434-6D6F-418A-B261-C7EDACC1196E}"
EndProject
Global
	GlobalSection(SolutionConfigurationPlatforms) = preSolution
		Debug|Any CPU = Debug|Any CPU
		Release|Any CPU = Release|Any CPU
	EndGlobalSection
	GlobalSection(ProjectConfigurationPlatforms) = postSolution
		{2AA6C434-6D6F-418A-B261-C7EDACC1196E}.Debug|Any CPU.ActiveCfg = Debug|Any CPU
		{2AA6C434-6D6F-418A-B261-C7EDACC1196E}.Debug|Any CPU.Build.0 = Debug|Any CPU
		{2AA6C434-6D6F-418A-B261-C7EDACC1196E}.Release|Any CPU.ActiveCfg = Release|Any CPU
		{2AA6C434-6D6F-418A-B261-C7EDACC1196E}.Release|Any CPU.Build.0 = Release|Any CPU
	EndGlobalSection
	GlobalSection(SolutionProperties) = preSolution
		HideSolutionNode = FALSE
	EndGlobalSection
	GlobalSection(ExtensibilityGlobals) = postSolution
		SolutionGuid = {80085815-5B4D-43C3-8ED3-3801DF7A20CB}
	EndGlobalSection
EndGlobal
