
Microsoft Visual Studio Solution File, Format Version 12.00
# Visual Studio Version 16
VisualStudioVersion = 16.0.29728.190
MinimumVisualStudioVersion = 10.0.40219.1
Project("{FAE04EC0-301F-11D3-BF4B-00C04F79EFBC}") = "5_Agenda", "5_Agenda\5_Agenda.csproj", "{637BA67F-12A8-4AFB-8FA6-861B86054E7F}"
EndProject
Global
	GlobalSection(SolutionConfigurationPlatforms) = preSolution
		Debug|Any CPU = Debug|Any CPU
		Release|Any CPU = Release|Any CPU
	EndGlobalSection
	GlobalSection(ProjectConfigurationPlatforms) = postSolution
		{637BA67F-12A8-4AFB-8FA6-861B86054E7F}.Debug|Any CPU.ActiveCfg = Debug|Any CPU
		{637BA67F-12A8-4AFB-8FA6-861B86054E7F}.Debug|Any CPU.Build.0 = Debug|Any CPU
		{637BA67F-12A8-4AFB-8FA6-861B86054E7F}.Release|Any CPU.ActiveCfg = Release|Any CPU
		{637BA67F-12A8-4AFB-8FA6-861B86054E7F}.Release|Any CPU.Build.0 = Release|Any CPU
	EndGlobalSection
	GlobalSection(SolutionProperties) = preSolution
		HideSolutionNode = FALSE
	EndGlobalSection
	GlobalSection(ExtensibilityGlobals) = postSolution
		SolutionGuid = {1818B668-F6B1-4680-87B3-F12E4F175954}
	EndGlobalSection
EndGlobal
