
Microsoft Visual Studio Solution File, Format Version 12.00
# Visual Studio Version 16
VisualStudioVersion = 16.0.29728.190
MinimumVisualStudioVersion = 10.0.40219.1
Project("{FAE04EC0-301F-11D3-BF4B-00C04F79EFBC}") = "14_inferfaz", "14_inferfaz\14_inferfaz.csproj", "{A1F1F63D-41AE-42B6-AB8F-83202EF41EFC}"
EndProject
Global
	GlobalSection(SolutionConfigurationPlatforms) = preSolution
		Debug|Any CPU = Debug|Any CPU
		Release|Any CPU = Release|Any CPU
	EndGlobalSection
	GlobalSection(ProjectConfigurationPlatforms) = postSolution
		{A1F1F63D-41AE-42B6-AB8F-83202EF41EFC}.Debug|Any CPU.ActiveCfg = Debug|Any CPU
		{A1F1F63D-41AE-42B6-AB8F-83202EF41EFC}.Debug|Any CPU.Build.0 = Debug|Any CPU
		{A1F1F63D-41AE-42B6-AB8F-83202EF41EFC}.Release|Any CPU.ActiveCfg = Release|Any CPU
		{A1F1F63D-41AE-42B6-AB8F-83202EF41EFC}.Release|Any CPU.Build.0 = Release|Any CPU
	EndGlobalSection
	GlobalSection(SolutionProperties) = preSolution
		HideSolutionNode = FALSE
	EndGlobalSection
	GlobalSection(ExtensibilityGlobals) = postSolution
		SolutionGuid = {32EB637E-83D2-41BB-A82F-3820E439562E}
	EndGlobalSection
EndGlobal
